
Microsoft Visual Studio Solution File, Format Version 12.00
# Visual Studio 15
VisualStudioVersion = 15.0.28307.705
MinimumVisualStudioVersion = 10.0.40219.1
Project("{FAE04EC0-301F-11D3-BF4B-00C04F79EFBC}") = "View", "Trabalho das Férias\View.csproj", "{07A7B93A-7AA2-4017-B536-AFF105F8B204}"
EndProject
Project("{FAE04EC0-301F-11D3-BF4B-00C04F79EFBC}") = "Model", "Model\Model.csproj", "{E604F9C7-DCE5-4E97-8F1D-6D986784CEC6}"
EndProject
Project("{FAE04EC0-301F-11D3-BF4B-00C04F79EFBC}") = "Repository", "Repository\Repository.csproj", "{DB01334F-B353-438C-9B55-AD597FA0B886}"
EndProject
Global
	GlobalSection(SolutionConfigurationPlatforms) = preSolution
		Debug|Any CPU = Debug|Any CPU
		Release|Any CPU = Release|Any CPU
	EndGlobalSection
	GlobalSection(ProjectConfigurationPlatforms) = postSolution
		{07A7B93A-7AA2-4017-B536-AFF105F8B204}.Debug|Any CPU.ActiveCfg = Debug|Any CPU
		{07A7B93A-7AA2-4017-B536-AFF105F8B204}.Debug|Any CPU.Build.0 = Debug|Any CPU
		{07A7B93A-7AA2-4017-B536-AFF105F8B204}.Release|Any CPU.ActiveCfg = Release|Any CPU
		{07A7B93A-7AA2-4017-B536-AFF105F8B204}.Release|Any CPU.Build.0 = Release|Any CPU
		{E604F9C7-DCE5-4E97-8F1D-6D986784CEC6}.Debug|Any CPU.ActiveCfg = Debug|Any CPU
		{E604F9C7-DCE5-4E97-8F1D-6D986784CEC6}.Debug|Any CPU.Build.0 = Debug|Any CPU
		{E604F9C7-DCE5-4E97-8F1D-6D986784CEC6}.Release|Any CPU.ActiveCfg = Release|Any CPU
		{E604F9C7-DCE5-4E97-8F1D-6D986784CEC6}.Release|Any CPU.Build.0 = Release|Any CPU
		{DB01334F-B353-438C-9B55-AD597FA0B886}.Debug|Any CPU.ActiveCfg = Debug|Any CPU
		{DB01334F-B353-438C-9B55-AD597FA0B886}.Debug|Any CPU.Build.0 = Debug|Any CPU
		{DB01334F-B353-438C-9B55-AD597FA0B886}.Release|Any CPU.ActiveCfg = Release|Any CPU
		{DB01334F-B353-438C-9B55-AD597FA0B886}.Release|Any CPU.Build.0 = Release|Any CPU
	EndGlobalSection
	GlobalSection(SolutionProperties) = preSolution
		HideSolutionNode = FALSE
	EndGlobalSection
	GlobalSection(ExtensibilityGlobals) = postSolution
		SolutionGuid = {C7B89E87-3218-41D5-8E5B-785462F5E6AD}
	EndGlobalSection
EndGlobal
